<?xml version="1.0" encoding="utf-8"?>
<Project ToolsVersion="4.0" xmlns="http://schemas.microsoft.com/developer/msbuild/2003">
  <ItemGroup>
    <ClCompile Include="core\dummy.cpp">
      <Filter>Core Files</Filter>
    </ClCompile>
  </ItemGroup>
  <ItemGroup>
    <ClInclude Include="gli.hpp">
      <Filter>Header Files</Filter>
    </ClInclude>
    <ClInclude Include="core\addressing.inl">
      <Filter>Core Files</Filter>
    </ClInclude>
    <ClInclude Include="core\clear.inl">
      <Filter>Core Files</Filter>
    </ClInclude>
    <ClInclude Include="core\comparison.inl">
      <Filter>Core Files</Filter>
    </ClInclude>
    <ClInclude Include="core\copy.inl">
      <Filter>Core Files</Filter>
    </ClInclude>
    <ClInclude Include="core\cow_ptr.inl">
      <Filter>Core Files</Filter>
    </ClInclude>
    <ClInclude Include="core\dx.inl">
      <Filter>Core Files</Filter>
    </ClInclude>
    <ClInclude Include="core\fetch.inl">
      <Filter>Core Files</Filter>
    </ClInclude>
    <ClInclude Include="core\flip.inl">
      <Filter>Core Files</Filter>
    </ClInclude>
    <ClInclude Include="core\format.inl">
      <Filter>Core Files</Filter>
    </ClInclude>
    <ClInclude Include="core\generate_mipmaps.inl">
      <Filter>Core Files</Filter>
    </ClInclude>
    <ClInclude Include="core\gl.inl">
      <Filter>Core Files</Filter>
    </ClInclude>
    <ClInclude Include="core\header.inl">
      <Filter>Core Files</Filter>
    </ClInclude>
    <ClInclude Include="core\image.inl">
      <Filter>Core Files</Filter>
    </ClInclude>
    <ClInclude Include="core\load_dds.inl">
      <Filter>Core Files</Filter>
    </ClInclude>
    <ClInclude Include="core\operation.inl">
      <Filter>Core Files</Filter>
    </ClInclude>
    <ClInclude Include="core\operator.inl">
      <Filter>Core Files</Filter>
    </ClInclude>
    <ClInclude Include="core\save_dds.inl">
      <Filter>Core Files</Filter>
    </ClInclude>
    <ClInclude Include="core\shared_array.inl">
      <Filter>Core Files</Filter>
    </ClInclude>
    <ClInclude Include="core\shared_ptr.inl">
      <Filter>Core Files</Filter>
    </ClInclude>
    <ClInclude Include="core\storage.inl">
      <Filter>Core Files</Filter>
    </ClInclude>
    <ClInclude Include="core\texture1d.inl">
      <Filter>Core Files</Filter>
    </ClInclude>
    <ClInclude Include="core\texture1d_array.inl">
      <Filter>Core Files</Filter>
    </ClInclude>
    <ClInclude Include="core\texture2d.inl">
      <Filter>Core Files</Filter>
    </ClInclude>
    <ClInclude Include="core\texture2d_array.inl">
      <Filter>Core Files</Filter>
    </ClInclude>
    <ClInclude Include="core\texture3d.inl">
      <Filter>Core Files</Filter>
    </ClInclude>
    <ClInclude Include="core\texture_cube.inl">
      <Filter>Core Files</Filter>
    </ClInclude>
    <ClInclude Include="core\texture_cube_array.inl">
      <Filter>Core Files</Filter>
    </ClInclude>
    <ClInclude Include="core\view.inl">
      <Filter>Core Files</Filter>
    </ClInclude>
    <ClInclude Include="core\addressing.hpp">
      <Filter>Core Files</Filter>
    </ClInclude>
    <ClInclude Include="core\clear.hpp">
      <Filter>Core Files</Filter>
    </ClInclude>
    <ClInclude Include="core\comparison.hpp">
      <Filter>Core Files</Filter>
    </ClInclude>
    <ClInclude Include="core\copy.hpp">
      <Filter>Core Files</Filter>
    </ClInclude>
    <ClInclude Include="core\cow_ptr.hpp">
      <Filter>Core Files</Filter>
    </ClInclude>
    <ClInclude Include="core\dx.hpp">
      <Filter>Core Files</Filter>
    </ClInclude>
    <ClInclude Include="core\fetch.hpp">
      <Filter>Core Files</Filter>
    </ClInclude>
    <ClInclude Include="core\flip.hpp">
      <Filter>Core Files</Filter>
    </ClInclude>
    <ClInclude Include="core\format.hpp">
      <Filter>Core Files</Filter>
    </ClInclude>
    <ClInclude Include="core\generate_mipmaps.hpp">
      <Filter>Core Files</Filter>
    </ClInclude>
    <ClInclude Include="core\gl.hpp">
      <Filter>Core Files</Filter>
    </ClInclude>
    <ClInclude Include="core\header.hpp">
      <Filter>Core Files</Filter>
    </ClInclude>
    <ClInclude Include="core\image.hpp">
      <Filter>Core Files</Filter>
    </ClInclude>
    <ClInclude Include="core\load_dds.hpp">
      <Filter>Core Files</Filter>
    </ClInclude>
    <ClInclude Include="core\operation.hpp">
      <Filter>Core Files</Filter>
    </ClInclude>
    <ClInclude Include="core\operator.hpp">
      <Filter>Core Files</Filter>
    </ClInclude>
    <ClInclude Include="core\save_dds.hpp">
      <Filter>Core Files</Filter>
    </ClInclude>
    <ClInclude Include="core\shared_array.hpp">
      <Filter>Core Files</Filter>
    </ClInclude>
    <ClInclude Include="core\shared_ptr.hpp">
      <Filter>Core Files</Filter>
    </ClInclude>
    <ClInclude Include="core\storage.hpp">
      <Filter>Core Files</Filter>
    </ClInclude>
    <ClInclude Include="core\texture.hpp">
      <Filter>Core Files</Filter>
    </ClInclude>
    <ClInclude Include="core\texture1d.hpp">
      <Filter>Core Files</Filter>
    </ClInclude>
    <ClInclude Include="core\texture1d_array.hpp">
      <Filter>Core Files</Filter>
    </ClInclude>
    <ClInclude Include="core\texture2d.hpp">
      <Filter>Core Files</Filter>
    </ClInclude>
    <ClInclude Include="core\texture2d_array.hpp">
      <Filter>Core Files</Filter>
    </ClInclude>
    <ClInclude Include="core\texture3d.hpp">
      <Filter>Core Files</Filter>
    </ClInclude>
    <ClInclude Include="core\texture_cube.hpp">
      <Filter>Core Files</Filter>
    </ClInclude>
    <ClInclude Include="core\texture_cube_array.hpp">
      <Filter>Core Files</Filter>
    </ClInclude>
    <ClInclude Include="core\view.hpp">
      <Filter>Core Files</Filter>
    </ClInclude>
  </ItemGroup>
  <ItemGroup>
    <CustomBuild Include="CMakeLists.txt" />
  </ItemGroup>
  <ItemGroup>
    <Filter Include="Header Files">
      <UniqueIdentifier>{378B4114-3FA4-4C9D-8BC9-0AB21CDE1873}</UniqueIdentifier>
    </Filter>
    <Filter Include="Core Files">
      <UniqueIdentifier>{026D4E22-3271-4F70-963F-362673D38A83}</UniqueIdentifier>
    </Filter>
  </ItemGroup>
</Project>
